
Microsoft Visual Studio Solution File, Format Version 12.00
# Visual Studio Version 17
VisualStudioVersion = 17.4.33403.182
MinimumVisualStudioVersion = 10.0.40219.1
Project("{9A19103F-16F7-4668-BE54-9A1E7A4F7556}") = "Test_ModernMonolithicArchitecture.Domain", "src\Test_ModernMonolithicArchitecture.Domain\Test_ModernMonolithicArchitecture.Domain.csproj", "{554AD327-6DBA-4F8F-96F8-81CE7A0C863F}"
EndProject
Project("{9A19103F-16F7-4668-BE54-9A1E7A4F7556}") = "ShoppingCart.TestBase", "modules\ShoppingCart\test\ShoppingCart.TestBase\ShoppingCart.TestBase.csproj", "{2204C3A3-E81E-470F-AB20-191D2D04EBDE}"
EndProject
Project("{9A19103F-16F7-4668-BE54-9A1E7A4F7556}") = "ShoppingCart.HttpApi.Client.ConsoleTestApp", "modules\ShoppingCart\test\ShoppingCart.HttpApi.Client.ConsoleTestApp\ShoppingCart.HttpApi.Client.ConsoleTestApp.csproj", "{E3889AC0-558E-4B6F-8425-07FE4BA2B189}"
EndProject
Project("{9A19103F-16F7-4668-BE54-9A1E7A4F7556}") = "ShoppingCart.EntityFrameworkCore.Tests", "modules\ShoppingCart\test\ShoppingCart.EntityFrameworkCore.Tests\ShoppingCart.EntityFrameworkCore.Tests.csproj", "{B3DD2C39-E026-4347-9906-40D57BDD4130}"
EndProject
Project("{9A19103F-16F7-4668-BE54-9A1E7A4F7556}") = "ShoppingCart.Domain.Tests", "modules\ShoppingCart\test\ShoppingCart.Domain.Tests\ShoppingCart.Domain.Tests.csproj", "{BE1D217F-61A9-46CB-96CB-22C8E922A702}"
EndProject
Project("{9A19103F-16F7-4668-BE54-9A1E7A4F7556}") = "ShoppingCart.Application.Tests", "modules\ShoppingCart\test\ShoppingCart.Application.Tests\ShoppingCart.Application.Tests.csproj", "{3E0113B6-8BD0-4887-B325-AE4CC8ADADE9}"
EndProject
Project("{9A19103F-16F7-4668-BE54-9A1E7A4F7556}") = "ShoppingCart.Installer", "modules\ShoppingCart\src\ShoppingCart.Installer\ShoppingCart.Installer.csproj", "{B1094A43-120C-4C3B-9C35-A4218CF53C36}"
EndProject
Project("{9A19103F-16F7-4668-BE54-9A1E7A4F7556}") = "ShoppingCart.HttpApi.Client", "modules\ShoppingCart\src\ShoppingCart.HttpApi.Client\ShoppingCart.HttpApi.Client.csproj", "{D03BE7F0-E346-41C6-A0DE-0FE62B2DDFC8}"
EndProject
Project("{9A19103F-16F7-4668-BE54-9A1E7A4F7556}") = "ShoppingCart.HttpApi", "modules\ShoppingCart\src\ShoppingCart.HttpApi\ShoppingCart.HttpApi.csproj", "{52242A7A-489F-4D40-8E36-985F3B43FFDD}"
EndProject
Project("{9A19103F-16F7-4668-BE54-9A1E7A4F7556}") = "ShoppingCart.EntityFrameworkCore", "modules\ShoppingCart\src\ShoppingCart.EntityFrameworkCore\ShoppingCart.EntityFrameworkCore.csproj", "{3132EFA5-8D0E-48AE-8D1D-8982403AE740}"
EndProject
Project("{9A19103F-16F7-4668-BE54-9A1E7A4F7556}") = "ShoppingCart.Domain.Shared", "modules\ShoppingCart\src\ShoppingCart.Domain.Shared\ShoppingCart.Domain.Shared.csproj", "{484E4C97-6C20-4CE5-84C5-C60915AB3C53}"
EndProject
Project("{9A19103F-16F7-4668-BE54-9A1E7A4F7556}") = "ShoppingCart.Domain", "modules\ShoppingCart\src\ShoppingCart.Domain\ShoppingCart.Domain.csproj", "{11DC77F2-5AEF-4C36-B97F-F9ADD0AFE20D}"
EndProject
Project("{9A19103F-16F7-4668-BE54-9A1E7A4F7556}") = "ShoppingCart.Application.Contracts", "modules\ShoppingCart\src\ShoppingCart.Application.Contracts\ShoppingCart.Application.Contracts.csproj", "{E7D33434-A3CB-487E-AD36-C5B05C83AA13}"
EndProject
Project("{9A19103F-16F7-4668-BE54-9A1E7A4F7556}") = "ShoppingCart.Application", "modules\ShoppingCart\src\ShoppingCart.Application\ShoppingCart.Application.csproj", "{C1E660AB-9EDD-4E11-AF7D-B25BE50022BD}"
EndProject
Project("{2150E333-8FDC-42A3-9474-1A3956D46DE8}") = "ShoppingCart.Tests", "ShoppingCart.Tests", "{7D05D8BE-D1B2-44F2-AE96-BDB1ACCDE970}"
EndProject
Project("{2150E333-8FDC-42A3-9474-1A3956D46DE8}") = "ShoppingCart", "ShoppingCart", "{2658C5E0-A822-4B82-B3BE-39730E67AB16}"
EndProject
Project("{9A19103F-16F7-4668-BE54-9A1E7A4F7556}") = "ProductCatalog.TestBase", "modules\ProductCatalog\test\ProductCatalog.TestBase\ProductCatalog.TestBase.csproj", "{4A26948E-9D2A-4410-AA69-21F1B533738B}"
EndProject
Project("{9A19103F-16F7-4668-BE54-9A1E7A4F7556}") = "ProductCatalog.HttpApi.Client.ConsoleTestApp", "modules\ProductCatalog\test\ProductCatalog.HttpApi.Client.ConsoleTestApp\ProductCatalog.HttpApi.Client.ConsoleTestApp.csproj", "{9699F90D-C860-43F2-B468-D6D8AB97CCE5}"
EndProject
Project("{9A19103F-16F7-4668-BE54-9A1E7A4F7556}") = "ProductCatalog.EntityFrameworkCore.Tests", "modules\ProductCatalog\test\ProductCatalog.EntityFrameworkCore.Tests\ProductCatalog.EntityFrameworkCore.Tests.csproj", "{DB9EC2B0-059C-41A5-8E89-57FFC88AF9B1}"
EndProject
Project("{9A19103F-16F7-4668-BE54-9A1E7A4F7556}") = "ProductCatalog.Domain.Tests", "modules\ProductCatalog\test\ProductCatalog.Domain.Tests\ProductCatalog.Domain.Tests.csproj", "{8E608CF3-601B-4EFE-986B-1995A5A391AD}"
EndProject
Project("{9A19103F-16F7-4668-BE54-9A1E7A4F7556}") = "ProductCatalog.Application.Tests", "modules\ProductCatalog\test\ProductCatalog.Application.Tests\ProductCatalog.Application.Tests.csproj", "{6204CE25-986B-438D-94D3-2661FCD616B3}"
EndProject
Project("{9A19103F-16F7-4668-BE54-9A1E7A4F7556}") = "ProductCatalog.Installer", "modules\ProductCatalog\src\ProductCatalog.Installer\ProductCatalog.Installer.csproj", "{271CA8E5-C8DD-4812-8520-E684652F0FF6}"
EndProject
Project("{9A19103F-16F7-4668-BE54-9A1E7A4F7556}") = "ProductCatalog.HttpApi.Client", "modules\ProductCatalog\src\ProductCatalog.HttpApi.Client\ProductCatalog.HttpApi.Client.csproj", "{007B759C-6ACC-4D45-A4F6-60903C72BDD0}"
EndProject
Project("{9A19103F-16F7-4668-BE54-9A1E7A4F7556}") = "ProductCatalog.HttpApi", "modules\ProductCatalog\src\ProductCatalog.HttpApi\ProductCatalog.HttpApi.csproj", "{A7E99AAE-5396-4029-A21B-C0A8F058D778}"
EndProject
Project("{9A19103F-16F7-4668-BE54-9A1E7A4F7556}") = "ProductCatalog.EntityFrameworkCore", "modules\ProductCatalog\src\ProductCatalog.EntityFrameworkCore\ProductCatalog.EntityFrameworkCore.csproj", "{280EEF4A-2D7E-498D-A7CB-E09C5FAB64F9}"
EndProject
Project("{9A19103F-16F7-4668-BE54-9A1E7A4F7556}") = "ProductCatalog.Domain.Shared", "modules\ProductCatalog\src\ProductCatalog.Domain.Shared\ProductCatalog.Domain.Shared.csproj", "{E4932CA9-1BD0-4E6C-9B2D-36AF35FE7A37}"
EndProject
Project("{9A19103F-16F7-4668-BE54-9A1E7A4F7556}") = "ProductCatalog.Domain", "modules\ProductCatalog\src\ProductCatalog.Domain\ProductCatalog.Domain.csproj", "{B5E4B3DD-C9A5-40FC-A7A4-5B01C605B1C8}"
EndProject
Project("{9A19103F-16F7-4668-BE54-9A1E7A4F7556}") = "ProductCatalog.Application.Contracts", "modules\ProductCatalog\src\ProductCatalog.Application.Contracts\ProductCatalog.Application.Contracts.csproj", "{A1E58387-F2B0-449F-9223-B2B69B61181D}"
EndProject
Project("{9A19103F-16F7-4668-BE54-9A1E7A4F7556}") = "ProductCatalog.Application", "modules\ProductCatalog\src\ProductCatalog.Application\ProductCatalog.Application.csproj", "{8A752D79-4FF7-4F5B-90E8-9954A772F8CC}"
EndProject
Project("{2150E333-8FDC-42A3-9474-1A3956D46DE8}") = "ProductCatalog.Tests", "ProductCatalog.Tests", "{12B037C8-BB77-4D6A-9CFC-16B895EC9580}"
EndProject
Project("{2150E333-8FDC-42A3-9474-1A3956D46DE8}") = "ProductCatalog", "ProductCatalog", "{A04B30E5-F1E0-437E-B3C1-7F59066384EF}"
EndProject
Project("{2150E333-8FDC-42A3-9474-1A3956D46DE8}") = "modules", "modules", "{68E461BD-B43B-4392-BB32-4287D51EC104}"
EndProject
Project("{9A19103F-16F7-4668-BE54-9A1E7A4F7556}") = "Test_ModernMonolithicArchitecture.Application", "src\Test_ModernMonolithicArchitecture.Application\Test_ModernMonolithicArchitecture.Application.csproj", "{1A94A50E-06DC-43C1-80B5-B662820EC3EB}"
EndProject
Project("{9A19103F-16F7-4668-BE54-9A1E7A4F7556}") = "Test_ModernMonolithicArchitecture.EntityFrameworkCore", "src\Test_ModernMonolithicArchitecture.EntityFrameworkCore\Test_ModernMonolithicArchitecture.EntityFrameworkCore.csproj", "{C956DD76-69C8-4A9C-83EA-D17DF83340FD}"
EndProject
Project("{2150E333-8FDC-42A3-9474-1A3956D46DE8}") = "src", "src", "{CA9AC87F-097E-4F15-8393-4BC07735A5B0}"
EndProject
Project("{2150E333-8FDC-42A3-9474-1A3956D46DE8}") = "test", "test", "{04DBDB01-70F4-4E06-B468-8F87850B22BE}"
EndProject
Project("{9A19103F-16F7-4668-BE54-9A1E7A4F7556}") = "Test_ModernMonolithicArchitecture.Application.Tests", "test\Test_ModernMonolithicArchitecture.Application.Tests\Test_ModernMonolithicArchitecture.Application.Tests.csproj", "{50B2631D-129C-47B3-A587-029CCD6099BC}"
EndProject
Project("{9A19103F-16F7-4668-BE54-9A1E7A4F7556}") = "Test_ModernMonolithicArchitecture.Domain.Shared", "src\Test_ModernMonolithicArchitecture.Domain.Shared\Test_ModernMonolithicArchitecture.Domain.Shared.csproj", "{42F719ED-8413-4895-B5B4-5AB56079BC66}"
EndProject
Project("{9A19103F-16F7-4668-BE54-9A1E7A4F7556}") = "Test_ModernMonolithicArchitecture.Application.Contracts", "src\Test_ModernMonolithicArchitecture.Application.Contracts\Test_ModernMonolithicArchitecture.Application.Contracts.csproj", "{520659C8-C734-4298-A3DA-B539DB9DFC0B}"
EndProject
Project("{9A19103F-16F7-4668-BE54-9A1E7A4F7556}") = "Test_ModernMonolithicArchitecture.HttpApi", "src\Test_ModernMonolithicArchitecture.HttpApi\Test_ModernMonolithicArchitecture.HttpApi.csproj", "{4164BDF7-F527-4E85-9CE6-E3C2D7426A27}"
EndProject
Project("{9A19103F-16F7-4668-BE54-9A1E7A4F7556}") = "Test_ModernMonolithicArchitecture.HttpApi.Client", "src\Test_ModernMonolithicArchitecture.HttpApi.Client\Test_ModernMonolithicArchitecture.HttpApi.Client.csproj", "{3B5A0094-670D-4BB1-BFDD-61B88A8773DC}"
EndProject
Project("{9A19103F-16F7-4668-BE54-9A1E7A4F7556}") = "Test_ModernMonolithicArchitecture.EntityFrameworkCore.Tests", "test\Test_ModernMonolithicArchitecture.EntityFrameworkCore.Tests\Test_ModernMonolithicArchitecture.EntityFrameworkCore.Tests.csproj", "{1FE30EB9-74A9-47F5-A9F6-7B1FAB672D81}"
EndProject
Project("{9A19103F-16F7-4668-BE54-9A1E7A4F7556}") = "Test_ModernMonolithicArchitecture.TestBase", "test\Test_ModernMonolithicArchitecture.TestBase\Test_ModernMonolithicArchitecture.TestBase.csproj", "{91853F21-9CD9-4132-BC29-A7D5D84FFFE7}"
EndProject
Project("{9A19103F-16F7-4668-BE54-9A1E7A4F7556}") = "Test_ModernMonolithicArchitecture.Domain.Tests", "test\Test_ModernMonolithicArchitecture.Domain.Tests\Test_ModernMonolithicArchitecture.Domain.Tests.csproj", "{E512F4D9-9375-480F-A2F6-A46509F9D824}"
EndProject
Project("{9A19103F-16F7-4668-BE54-9A1E7A4F7556}") = "Test_ModernMonolithicArchitecture.HttpApi.Client.ConsoleTestApp", "test\Test_ModernMonolithicArchitecture.HttpApi.Client.ConsoleTestApp\Test_ModernMonolithicArchitecture.HttpApi.Client.ConsoleTestApp.csproj", "{EF480016-9127-4916-8735-D2466BDBC582}"
EndProject
Project("{9A19103F-16F7-4668-BE54-9A1E7A4F7556}") = "Test_ModernMonolithicArchitecture.DbMigrator", "src\Test_ModernMonolithicArchitecture.DbMigrator\Test_ModernMonolithicArchitecture.DbMigrator.csproj", "{AA94D832-1CCC-4715-95A9-A483F23A1A5D}"
EndProject
Project("{9A19103F-16F7-4668-BE54-9A1E7A4F7556}") = "Test_ModernMonolithicArchitecture.HttpApi.Host", "src\Test_ModernMonolithicArchitecture.HttpApi.Host\Test_ModernMonolithicArchitecture.HttpApi.Host.csproj", "{748584B1-BA69-4F6A-81AA-F4BDE6BCE29D}"
EndProject
Project("{2150E333-8FDC-42A3-9474-1A3956D46DE8}") = "Commands", "Commands", "{0F2459FD-B19C-42D3-93C3-78BAE53539A9}"
	ProjectSection(SolutionItems) = preProject
		Commands\Commands CLI.txt = Commands\Commands CLI.txt
	EndProjectSection
EndProject
Project("{2150E333-8FDC-42A3-9474-1A3956D46DE8}") = "Shared", "Shared", "{035E6CDC-04C8-4697-BA93-6B0868495341}"
EndProject
Project("{2150E333-8FDC-42A3-9474-1A3956D46DE8}") = "SharedCaching", "SharedCaching", "{2480822D-F2C3-4872-9263-39ABDEB53535}"
EndProject
Project("{9A19103F-16F7-4668-BE54-9A1E7A4F7556}") = "SharedCaching", "Shared\Shared\SharedCaching\SharedCaching.csproj", "{A6B0985E-A308-4226-B3CA-EB70AD2CA5E5}"
EndProject
Project("{9A19103F-16F7-4668-BE54-9A1E7A4F7556}") = "SharedCaching.Contracts", "Shared\Shared\SharedCaching.Contracts\SharedCaching.Contracts.csproj", "{29F27845-8D21-4E03-A7DC-21376F3B4C51}"
EndProject
Global
	GlobalSection(SolutionConfigurationPlatforms) = preSolution
		Debug|Any CPU = Debug|Any CPU
		Release|Any CPU = Release|Any CPU
	EndGlobalSection
	GlobalSection(ProjectConfigurationPlatforms) = postSolution
		{554AD327-6DBA-4F8F-96F8-81CE7A0C863F}.Debug|Any CPU.ActiveCfg = Debug|Any CPU
		{554AD327-6DBA-4F8F-96F8-81CE7A0C863F}.Debug|Any CPU.Build.0 = Debug|Any CPU
		{554AD327-6DBA-4F8F-96F8-81CE7A0C863F}.Release|Any CPU.ActiveCfg = Release|Any CPU
		{554AD327-6DBA-4F8F-96F8-81CE7A0C863F}.Release|Any CPU.Build.0 = Release|Any CPU
		{2204C3A3-E81E-470F-AB20-191D2D04EBDE}.Debug|Any CPU.ActiveCfg = Debug|Any CPU
		{2204C3A3-E81E-470F-AB20-191D2D04EBDE}.Debug|Any CPU.Build.0 = Debug|Any CPU
		{2204C3A3-E81E-470F-AB20-191D2D04EBDE}.Release|Any CPU.ActiveCfg = Release|Any CPU
		{2204C3A3-E81E-470F-AB20-191D2D04EBDE}.Release|Any CPU.Build.0 = Release|Any CPU
		{E3889AC0-558E-4B6F-8425-07FE4BA2B189}.Debug|Any CPU.ActiveCfg = Debug|Any CPU
		{E3889AC0-558E-4B6F-8425-07FE4BA2B189}.Debug|Any CPU.Build.0 = Debug|Any CPU
		{E3889AC0-558E-4B6F-8425-07FE4BA2B189}.Release|Any CPU.ActiveCfg = Release|Any CPU
		{E3889AC0-558E-4B6F-8425-07FE4BA2B189}.Release|Any CPU.Build.0 = Release|Any CPU
		{B3DD2C39-E026-4347-9906-40D57BDD4130}.Debug|Any CPU.ActiveCfg = Debug|Any CPU
		{B3DD2C39-E026-4347-9906-40D57BDD4130}.Debug|Any CPU.Build.0 = Debug|Any CPU
		{B3DD2C39-E026-4347-9906-40D57BDD4130}.Release|Any CPU.ActiveCfg = Release|Any CPU
		{B3DD2C39-E026-4347-9906-40D57BDD4130}.Release|Any CPU.Build.0 = Release|Any CPU
		{BE1D217F-61A9-46CB-96CB-22C8E922A702}.Debug|Any CPU.ActiveCfg = Debug|Any CPU
		{BE1D217F-61A9-46CB-96CB-22C8E922A702}.Debug|Any CPU.Build.0 = Debug|Any CPU
		{BE1D217F-61A9-46CB-96CB-22C8E922A702}.Release|Any CPU.ActiveCfg = Release|Any CPU
		{BE1D217F-61A9-46CB-96CB-22C8E922A702}.Release|Any CPU.Build.0 = Release|Any CPU
		{3E0113B6-8BD0-4887-B325-AE4CC8ADADE9}.Debug|Any CPU.ActiveCfg = Debug|Any CPU
		{3E0113B6-8BD0-4887-B325-AE4CC8ADADE9}.Debug|Any CPU.Build.0 = Debug|Any CPU
		{3E0113B6-8BD0-4887-B325-AE4CC8ADADE9}.Release|Any CPU.ActiveCfg = Release|Any CPU
		{3E0113B6-8BD0-4887-B325-AE4CC8ADADE9}.Release|Any CPU.Build.0 = Release|Any CPU
		{B1094A43-120C-4C3B-9C35-A4218CF53C36}.Debug|Any CPU.ActiveCfg = Debug|Any CPU
		{B1094A43-120C-4C3B-9C35-A4218CF53C36}.Debug|Any CPU.Build.0 = Debug|Any CPU
		{B1094A43-120C-4C3B-9C35-A4218CF53C36}.Release|Any CPU.ActiveCfg = Release|Any CPU
		{B1094A43-120C-4C3B-9C35-A4218CF53C36}.Release|Any CPU.Build.0 = Release|Any CPU
		{D03BE7F0-E346-41C6-A0DE-0FE62B2DDFC8}.Debug|Any CPU.ActiveCfg = Debug|Any CPU
		{D03BE7F0-E346-41C6-A0DE-0FE62B2DDFC8}.Debug|Any CPU.Build.0 = Debug|Any CPU
		{D03BE7F0-E346-41C6-A0DE-0FE62B2DDFC8}.Release|Any CPU.ActiveCfg = Release|Any CPU
		{D03BE7F0-E346-41C6-A0DE-0FE62B2DDFC8}.Release|Any CPU.Build.0 = Release|Any CPU
		{52242A7A-489F-4D40-8E36-985F3B43FFDD}.Debug|Any CPU.ActiveCfg = Debug|Any CPU
		{52242A7A-489F-4D40-8E36-985F3B43FFDD}.Debug|Any CPU.Build.0 = Debug|Any CPU
		{52242A7A-489F-4D40-8E36-985F3B43FFDD}.Release|Any CPU.ActiveCfg = Release|Any CPU
		{52242A7A-489F-4D40-8E36-985F3B43FFDD}.Release|Any CPU.Build.0 = Release|Any CPU
		{3132EFA5-8D0E-48AE-8D1D-8982403AE740}.Debug|Any CPU.ActiveCfg = Debug|Any CPU
		{3132EFA5-8D0E-48AE-8D1D-8982403AE740}.Debug|Any CPU.Build.0 = Debug|Any CPU
		{3132EFA5-8D0E-48AE-8D1D-8982403AE740}.Release|Any CPU.ActiveCfg = Release|Any CPU
		{3132EFA5-8D0E-48AE-8D1D-8982403AE740}.Release|Any CPU.Build.0 = Release|Any CPU
		{484E4C97-6C20-4CE5-84C5-C60915AB3C53}.Debug|Any CPU.ActiveCfg = Debug|Any CPU
		{484E4C97-6C20-4CE5-84C5-C60915AB3C53}.Debug|Any CPU.Build.0 = Debug|Any CPU
		{484E4C97-6C20-4CE5-84C5-C60915AB3C53}.Release|Any CPU.ActiveCfg = Release|Any CPU
		{484E4C97-6C20-4CE5-84C5-C60915AB3C53}.Release|Any CPU.Build.0 = Release|Any CPU
		{11DC77F2-5AEF-4C36-B97F-F9ADD0AFE20D}.Debug|Any CPU.ActiveCfg = Debug|Any CPU
		{11DC77F2-5AEF-4C36-B97F-F9ADD0AFE20D}.Debug|Any CPU.Build.0 = Debug|Any CPU
		{11DC77F2-5AEF-4C36-B97F-F9ADD0AFE20D}.Release|Any CPU.ActiveCfg = Release|Any CPU
		{11DC77F2-5AEF-4C36-B97F-F9ADD0AFE20D}.Release|Any CPU.Build.0 = Release|Any CPU
		{E7D33434-A3CB-487E-AD36-C5B05C83AA13}.Debug|Any CPU.ActiveCfg = Debug|Any CPU
		{E7D33434-A3CB-487E-AD36-C5B05C83AA13}.Debug|Any CPU.Build.0 = Debug|Any CPU
		{E7D33434-A3CB-487E-AD36-C5B05C83AA13}.Release|Any CPU.ActiveCfg = Release|Any CPU
		{E7D33434-A3CB-487E-AD36-C5B05C83AA13}.Release|Any CPU.Build.0 = Release|Any CPU
		{C1E660AB-9EDD-4E11-AF7D-B25BE50022BD}.Debug|Any CPU.ActiveCfg = Debug|Any CPU
		{C1E660AB-9EDD-4E11-AF7D-B25BE50022BD}.Debug|Any CPU.Build.0 = Debug|Any CPU
		{C1E660AB-9EDD-4E11-AF7D-B25BE50022BD}.Release|Any CPU.ActiveCfg = Release|Any CPU
		{C1E660AB-9EDD-4E11-AF7D-B25BE50022BD}.Release|Any CPU.Build.0 = Release|Any CPU
		{4A26948E-9D2A-4410-AA69-21F1B533738B}.Debug|Any CPU.ActiveCfg = Debug|Any CPU
		{4A26948E-9D2A-4410-AA69-21F1B533738B}.Debug|Any CPU.Build.0 = Debug|Any CPU
		{4A26948E-9D2A-4410-AA69-21F1B533738B}.Release|Any CPU.ActiveCfg = Release|Any CPU
		{4A26948E-9D2A-4410-AA69-21F1B533738B}.Release|Any CPU.Build.0 = Release|Any CPU
		{9699F90D-C860-43F2-B468-D6D8AB97CCE5}.Debug|Any CPU.ActiveCfg = Debug|Any CPU
		{9699F90D-C860-43F2-B468-D6D8AB97CCE5}.Debug|Any CPU.Build.0 = Debug|Any CPU
		{9699F90D-C860-43F2-B468-D6D8AB97CCE5}.Release|Any CPU.ActiveCfg = Release|Any CPU
		{9699F90D-C860-43F2-B468-D6D8AB97CCE5}.Release|Any CPU.Build.0 = Release|Any CPU
		{DB9EC2B0-059C-41A5-8E89-57FFC88AF9B1}.Debug|Any CPU.ActiveCfg = Debug|Any CPU
		{DB9EC2B0-059C-41A5-8E89-57FFC88AF9B1}.Debug|Any CPU.Build.0 = Debug|Any CPU
		{DB9EC2B0-059C-41A5-8E89-57FFC88AF9B1}.Release|Any CPU.ActiveCfg = Release|Any CPU
		{DB9EC2B0-059C-41A5-8E89-57FFC88AF9B1}.Release|Any CPU.Build.0 = Release|Any CPU
		{8E608CF3-601B-4EFE-986B-1995A5A391AD}.Debug|Any CPU.ActiveCfg = Debug|Any CPU
		{8E608CF3-601B-4EFE-986B-1995A5A391AD}.Debug|Any CPU.Build.0 = Debug|Any CPU
		{8E608CF3-601B-4EFE-986B-1995A5A391AD}.Release|Any CPU.ActiveCfg = Release|Any CPU
		{8E608CF3-601B-4EFE-986B-1995A5A391AD}.Release|Any CPU.Build.0 = Release|Any CPU
		{6204CE25-986B-438D-94D3-2661FCD616B3}.Debug|Any CPU.ActiveCfg = Debug|Any CPU
		{6204CE25-986B-438D-94D3-2661FCD616B3}.Debug|Any CPU.Build.0 = Debug|Any CPU
		{6204CE25-986B-438D-94D3-2661FCD616B3}.Release|Any CPU.ActiveCfg = Release|Any CPU
		{6204CE25-986B-438D-94D3-2661FCD616B3}.Release|Any CPU.Build.0 = Release|Any CPU
		{271CA8E5-C8DD-4812-8520-E684652F0FF6}.Debug|Any CPU.ActiveCfg = Debug|Any CPU
		{271CA8E5-C8DD-4812-8520-E684652F0FF6}.Debug|Any CPU.Build.0 = Debug|Any CPU
		{271CA8E5-C8DD-4812-8520-E684652F0FF6}.Release|Any CPU.ActiveCfg = Release|Any CPU
		{271CA8E5-C8DD-4812-8520-E684652F0FF6}.Release|Any CPU.Build.0 = Release|Any CPU
		{007B759C-6ACC-4D45-A4F6-60903C72BDD0}.Debug|Any CPU.ActiveCfg = Debug|Any CPU
		{007B759C-6ACC-4D45-A4F6-60903C72BDD0}.Debug|Any CPU.Build.0 = Debug|Any CPU
		{007B759C-6ACC-4D45-A4F6-60903C72BDD0}.Release|Any CPU.ActiveCfg = Release|Any CPU
		{007B759C-6ACC-4D45-A4F6-60903C72BDD0}.Release|Any CPU.Build.0 = Release|Any CPU
		{A7E99AAE-5396-4029-A21B-C0A8F058D778}.Debug|Any CPU.ActiveCfg = Debug|Any CPU
		{A7E99AAE-5396-4029-A21B-C0A8F058D778}.Debug|Any CPU.Build.0 = Debug|Any CPU
		{A7E99AAE-5396-4029-A21B-C0A8F058D778}.Release|Any CPU.ActiveCfg = Release|Any CPU
		{A7E99AAE-5396-4029-A21B-C0A8F058D778}.Release|Any CPU.Build.0 = Release|Any CPU
		{280EEF4A-2D7E-498D-A7CB-E09C5FAB64F9}.Debug|Any CPU.ActiveCfg = Debug|Any CPU
		{280EEF4A-2D7E-498D-A7CB-E09C5FAB64F9}.Debug|Any CPU.Build.0 = Debug|Any CPU
		{280EEF4A-2D7E-498D-A7CB-E09C5FAB64F9}.Release|Any CPU.ActiveCfg = Release|Any CPU
		{280EEF4A-2D7E-498D-A7CB-E09C5FAB64F9}.Release|Any CPU.Build.0 = Release|Any CPU
		{E4932CA9-1BD0-4E6C-9B2D-36AF35FE7A37}.Debug|Any CPU.ActiveCfg = Debug|Any CPU
		{E4932CA9-1BD0-4E6C-9B2D-36AF35FE7A37}.Debug|Any CPU.Build.0 = Debug|Any CPU
		{E4932CA9-1BD0-4E6C-9B2D-36AF35FE7A37}.Release|Any CPU.ActiveCfg = Release|Any CPU
		{E4932CA9-1BD0-4E6C-9B2D-36AF35FE7A37}.Release|Any CPU.Build.0 = Release|Any CPU
		{B5E4B3DD-C9A5-40FC-A7A4-5B01C605B1C8}.Debug|Any CPU.ActiveCfg = Debug|Any CPU
		{B5E4B3DD-C9A5-40FC-A7A4-5B01C605B1C8}.Debug|Any CPU.Build.0 = Debug|Any CPU
		{B5E4B3DD-C9A5-40FC-A7A4-5B01C605B1C8}.Release|Any CPU.ActiveCfg = Release|Any CPU
		{B5E4B3DD-C9A5-40FC-A7A4-5B01C605B1C8}.Release|Any CPU.Build.0 = Release|Any CPU
		{A1E58387-F2B0-449F-9223-B2B69B61181D}.Debug|Any CPU.ActiveCfg = Debug|Any CPU
		{A1E58387-F2B0-449F-9223-B2B69B61181D}.Debug|Any CPU.Build.0 = Debug|Any CPU
		{A1E58387-F2B0-449F-9223-B2B69B61181D}.Release|Any CPU.ActiveCfg = Release|Any CPU
		{A1E58387-F2B0-449F-9223-B2B69B61181D}.Release|Any CPU.Build.0 = Release|Any CPU
		{8A752D79-4FF7-4F5B-90E8-9954A772F8CC}.Debug|Any CPU.ActiveCfg = Debug|Any CPU
		{8A752D79-4FF7-4F5B-90E8-9954A772F8CC}.Debug|Any CPU.Build.0 = Debug|Any CPU
		{8A752D79-4FF7-4F5B-90E8-9954A772F8CC}.Release|Any CPU.ActiveCfg = Release|Any CPU
		{8A752D79-4FF7-4F5B-90E8-9954A772F8CC}.Release|Any CPU.Build.0 = Release|Any CPU
		{1A94A50E-06DC-43C1-80B5-B662820EC3EB}.Debug|Any CPU.ActiveCfg = Debug|Any CPU
		{1A94A50E-06DC-43C1-80B5-B662820EC3EB}.Debug|Any CPU.Build.0 = Debug|Any CPU
		{1A94A50E-06DC-43C1-80B5-B662820EC3EB}.Release|Any CPU.ActiveCfg = Release|Any CPU
		{1A94A50E-06DC-43C1-80B5-B662820EC3EB}.Release|Any CPU.Build.0 = Release|Any CPU
		{C956DD76-69C8-4A9C-83EA-D17DF83340FD}.Debug|Any CPU.ActiveCfg = Debug|Any CPU
		{C956DD76-69C8-4A9C-83EA-D17DF83340FD}.Debug|Any CPU.Build.0 = Debug|Any CPU
		{C956DD76-69C8-4A9C-83EA-D17DF83340FD}.Release|Any CPU.ActiveCfg = Release|Any CPU
		{C956DD76-69C8-4A9C-83EA-D17DF83340FD}.Release|Any CPU.Build.0 = Release|Any CPU
		{50B2631D-129C-47B3-A587-029CCD6099BC}.Debug|Any CPU.ActiveCfg = Debug|Any CPU
		{50B2631D-129C-47B3-A587-029CCD6099BC}.Debug|Any CPU.Build.0 = Debug|Any CPU
		{50B2631D-129C-47B3-A587-029CCD6099BC}.Release|Any CPU.ActiveCfg = Release|Any CPU
		{50B2631D-129C-47B3-A587-029CCD6099BC}.Release|Any CPU.Build.0 = Release|Any CPU
		{42F719ED-8413-4895-B5B4-5AB56079BC66}.Debug|Any CPU.ActiveCfg = Debug|Any CPU
		{42F719ED-8413-4895-B5B4-5AB56079BC66}.Debug|Any CPU.Build.0 = Debug|Any CPU
		{42F719ED-8413-4895-B5B4-5AB56079BC66}.Release|Any CPU.ActiveCfg = Release|Any CPU
		{42F719ED-8413-4895-B5B4-5AB56079BC66}.Release|Any CPU.Build.0 = Release|Any CPU
		{520659C8-C734-4298-A3DA-B539DB9DFC0B}.Debug|Any CPU.ActiveCfg = Debug|Any CPU
		{520659C8-C734-4298-A3DA-B539DB9DFC0B}.Debug|Any CPU.Build.0 = Debug|Any CPU
		{520659C8-C734-4298-A3DA-B539DB9DFC0B}.Release|Any CPU.ActiveCfg = Release|Any CPU
		{520659C8-C734-4298-A3DA-B539DB9DFC0B}.Release|Any CPU.Build.0 = Release|Any CPU
		{4164BDF7-F527-4E85-9CE6-E3C2D7426A27}.Debug|Any CPU.ActiveCfg = Debug|Any CPU
		{4164BDF7-F527-4E85-9CE6-E3C2D7426A27}.Debug|Any CPU.Build.0 = Debug|Any CPU
		{4164BDF7-F527-4E85-9CE6-E3C2D7426A27}.Release|Any CPU.ActiveCfg = Release|Any CPU
		{4164BDF7-F527-4E85-9CE6-E3C2D7426A27}.Release|Any CPU.Build.0 = Release|Any CPU
		{3B5A0094-670D-4BB1-BFDD-61B88A8773DC}.Debug|Any CPU.ActiveCfg = Debug|Any CPU
		{3B5A0094-670D-4BB1-BFDD-61B88A8773DC}.Debug|Any CPU.Build.0 = Debug|Any CPU
		{3B5A0094-670D-4BB1-BFDD-61B88A8773DC}.Release|Any CPU.ActiveCfg = Release|Any CPU
		{3B5A0094-670D-4BB1-BFDD-61B88A8773DC}.Release|Any CPU.Build.0 = Release|Any CPU
		{1FE30EB9-74A9-47F5-A9F6-7B1FAB672D81}.Debug|Any CPU.ActiveCfg = Debug|Any CPU
		{1FE30EB9-74A9-47F5-A9F6-7B1FAB672D81}.Debug|Any CPU.Build.0 = Debug|Any CPU
		{1FE30EB9-74A9-47F5-A9F6-7B1FAB672D81}.Release|Any CPU.ActiveCfg = Release|Any CPU
		{1FE30EB9-74A9-47F5-A9F6-7B1FAB672D81}.Release|Any CPU.Build.0 = Release|Any CPU
		{91853F21-9CD9-4132-BC29-A7D5D84FFFE7}.Debug|Any CPU.ActiveCfg = Debug|Any CPU
		{91853F21-9CD9-4132-BC29-A7D5D84FFFE7}.Debug|Any CPU.Build.0 = Debug|Any CPU
		{91853F21-9CD9-4132-BC29-A7D5D84FFFE7}.Release|Any CPU.ActiveCfg = Release|Any CPU
		{91853F21-9CD9-4132-BC29-A7D5D84FFFE7}.Release|Any CPU.Build.0 = Release|Any CPU
		{E512F4D9-9375-480F-A2F6-A46509F9D824}.Debug|Any CPU.ActiveCfg = Debug|Any CPU
		{E512F4D9-9375-480F-A2F6-A46509F9D824}.Debug|Any CPU.Build.0 = Debug|Any CPU
		{E512F4D9-9375-480F-A2F6-A46509F9D824}.Release|Any CPU.ActiveCfg = Release|Any CPU
		{E512F4D9-9375-480F-A2F6-A46509F9D824}.Release|Any CPU.Build.0 = Release|Any CPU
		{EF480016-9127-4916-8735-D2466BDBC582}.Debug|Any CPU.ActiveCfg = Debug|Any CPU
		{EF480016-9127-4916-8735-D2466BDBC582}.Debug|Any CPU.Build.0 = Debug|Any CPU
		{EF480016-9127-4916-8735-D2466BDBC582}.Release|Any CPU.ActiveCfg = Release|Any CPU
		{EF480016-9127-4916-8735-D2466BDBC582}.Release|Any CPU.Build.0 = Release|Any CPU
		{AA94D832-1CCC-4715-95A9-A483F23A1A5D}.Debug|Any CPU.ActiveCfg = Debug|Any CPU
		{AA94D832-1CCC-4715-95A9-A483F23A1A5D}.Debug|Any CPU.Build.0 = Debug|Any CPU
		{AA94D832-1CCC-4715-95A9-A483F23A1A5D}.Release|Any CPU.ActiveCfg = Release|Any CPU
		{AA94D832-1CCC-4715-95A9-A483F23A1A5D}.Release|Any CPU.Build.0 = Release|Any CPU
		{748584B1-BA69-4F6A-81AA-F4BDE6BCE29D}.Debug|Any CPU.ActiveCfg = Debug|Any CPU
		{748584B1-BA69-4F6A-81AA-F4BDE6BCE29D}.Debug|Any CPU.Build.0 = Debug|Any CPU
		{748584B1-BA69-4F6A-81AA-F4BDE6BCE29D}.Release|Any CPU.ActiveCfg = Release|Any CPU
		{748584B1-BA69-4F6A-81AA-F4BDE6BCE29D}.Release|Any CPU.Build.0 = Release|Any CPU
		{A6B0985E-A308-4226-B3CA-EB70AD2CA5E5}.Debug|Any CPU.ActiveCfg = Debug|Any CPU
		{A6B0985E-A308-4226-B3CA-EB70AD2CA5E5}.Debug|Any CPU.Build.0 = Debug|Any CPU
		{A6B0985E-A308-4226-B3CA-EB70AD2CA5E5}.Release|Any CPU.ActiveCfg = Release|Any CPU
		{A6B0985E-A308-4226-B3CA-EB70AD2CA5E5}.Release|Any CPU.Build.0 = Release|Any CPU
		{29F27845-8D21-4E03-A7DC-21376F3B4C51}.Debug|Any CPU.ActiveCfg = Debug|Any CPU
		{29F27845-8D21-4E03-A7DC-21376F3B4C51}.Debug|Any CPU.Build.0 = Debug|Any CPU
		{29F27845-8D21-4E03-A7DC-21376F3B4C51}.Release|Any CPU.ActiveCfg = Release|Any CPU
		{29F27845-8D21-4E03-A7DC-21376F3B4C51}.Release|Any CPU.Build.0 = Release|Any CPU
	EndGlobalSection
	GlobalSection(SolutionProperties) = preSolution
		HideSolutionNode = FALSE
	EndGlobalSection
	GlobalSection(NestedProjects) = preSolution
		{554AD327-6DBA-4F8F-96F8-81CE7A0C863F} = {CA9AC87F-097E-4F15-8393-4BC07735A5B0}
		{2204C3A3-E81E-470F-AB20-191D2D04EBDE} = {7D05D8BE-D1B2-44F2-AE96-BDB1ACCDE970}
		{E3889AC0-558E-4B6F-8425-07FE4BA2B189} = {7D05D8BE-D1B2-44F2-AE96-BDB1ACCDE970}
		{B3DD2C39-E026-4347-9906-40D57BDD4130} = {7D05D8BE-D1B2-44F2-AE96-BDB1ACCDE970}
		{BE1D217F-61A9-46CB-96CB-22C8E922A702} = {7D05D8BE-D1B2-44F2-AE96-BDB1ACCDE970}
		{3E0113B6-8BD0-4887-B325-AE4CC8ADADE9} = {7D05D8BE-D1B2-44F2-AE96-BDB1ACCDE970}
		{B1094A43-120C-4C3B-9C35-A4218CF53C36} = {2658C5E0-A822-4B82-B3BE-39730E67AB16}
		{D03BE7F0-E346-41C6-A0DE-0FE62B2DDFC8} = {2658C5E0-A822-4B82-B3BE-39730E67AB16}
		{52242A7A-489F-4D40-8E36-985F3B43FFDD} = {2658C5E0-A822-4B82-B3BE-39730E67AB16}
		{3132EFA5-8D0E-48AE-8D1D-8982403AE740} = {2658C5E0-A822-4B82-B3BE-39730E67AB16}
		{484E4C97-6C20-4CE5-84C5-C60915AB3C53} = {2658C5E0-A822-4B82-B3BE-39730E67AB16}
		{11DC77F2-5AEF-4C36-B97F-F9ADD0AFE20D} = {2658C5E0-A822-4B82-B3BE-39730E67AB16}
		{E7D33434-A3CB-487E-AD36-C5B05C83AA13} = {2658C5E0-A822-4B82-B3BE-39730E67AB16}
		{C1E660AB-9EDD-4E11-AF7D-B25BE50022BD} = {2658C5E0-A822-4B82-B3BE-39730E67AB16}
		{7D05D8BE-D1B2-44F2-AE96-BDB1ACCDE970} = {04DBDB01-70F4-4E06-B468-8F87850B22BE}
		{2658C5E0-A822-4B82-B3BE-39730E67AB16} = {68E461BD-B43B-4392-BB32-4287D51EC104}
		{4A26948E-9D2A-4410-AA69-21F1B533738B} = {12B037C8-BB77-4D6A-9CFC-16B895EC9580}
		{9699F90D-C860-43F2-B468-D6D8AB97CCE5} = {12B037C8-BB77-4D6A-9CFC-16B895EC9580}
		{DB9EC2B0-059C-41A5-8E89-57FFC88AF9B1} = {12B037C8-BB77-4D6A-9CFC-16B895EC9580}
		{8E608CF3-601B-4EFE-986B-1995A5A391AD} = {12B037C8-BB77-4D6A-9CFC-16B895EC9580}
		{6204CE25-986B-438D-94D3-2661FCD616B3} = {12B037C8-BB77-4D6A-9CFC-16B895EC9580}
		{271CA8E5-C8DD-4812-8520-E684652F0FF6} = {A04B30E5-F1E0-437E-B3C1-7F59066384EF}
		{007B759C-6ACC-4D45-A4F6-60903C72BDD0} = {A04B30E5-F1E0-437E-B3C1-7F59066384EF}
		{A7E99AAE-5396-4029-A21B-C0A8F058D778} = {A04B30E5-F1E0-437E-B3C1-7F59066384EF}
		{280EEF4A-2D7E-498D-A7CB-E09C5FAB64F9} = {A04B30E5-F1E0-437E-B3C1-7F59066384EF}
		{E4932CA9-1BD0-4E6C-9B2D-36AF35FE7A37} = {A04B30E5-F1E0-437E-B3C1-7F59066384EF}
		{B5E4B3DD-C9A5-40FC-A7A4-5B01C605B1C8} = {A04B30E5-F1E0-437E-B3C1-7F59066384EF}
		{A1E58387-F2B0-449F-9223-B2B69B61181D} = {A04B30E5-F1E0-437E-B3C1-7F59066384EF}
		{8A752D79-4FF7-4F5B-90E8-9954A772F8CC} = {A04B30E5-F1E0-437E-B3C1-7F59066384EF}
		{12B037C8-BB77-4D6A-9CFC-16B895EC9580} = {04DBDB01-70F4-4E06-B468-8F87850B22BE}
		{A04B30E5-F1E0-437E-B3C1-7F59066384EF} = {68E461BD-B43B-4392-BB32-4287D51EC104}
		{1A94A50E-06DC-43C1-80B5-B662820EC3EB} = {CA9AC87F-097E-4F15-8393-4BC07735A5B0}
		{C956DD76-69C8-4A9C-83EA-D17DF83340FD} = {CA9AC87F-097E-4F15-8393-4BC07735A5B0}
		{50B2631D-129C-47B3-A587-029CCD6099BC} = {04DBDB01-70F4-4E06-B468-8F87850B22BE}
		{42F719ED-8413-4895-B5B4-5AB56079BC66} = {CA9AC87F-097E-4F15-8393-4BC07735A5B0}
		{520659C8-C734-4298-A3DA-B539DB9DFC0B} = {CA9AC87F-097E-4F15-8393-4BC07735A5B0}
		{4164BDF7-F527-4E85-9CE6-E3C2D7426A27} = {CA9AC87F-097E-4F15-8393-4BC07735A5B0}
		{3B5A0094-670D-4BB1-BFDD-61B88A8773DC} = {CA9AC87F-097E-4F15-8393-4BC07735A5B0}
		{1FE30EB9-74A9-47F5-A9F6-7B1FAB672D81} = {04DBDB01-70F4-4E06-B468-8F87850B22BE}
		{91853F21-9CD9-4132-BC29-A7D5D84FFFE7} = {04DBDB01-70F4-4E06-B468-8F87850B22BE}
		{E512F4D9-9375-480F-A2F6-A46509F9D824} = {04DBDB01-70F4-4E06-B468-8F87850B22BE}
		{EF480016-9127-4916-8735-D2466BDBC582} = {04DBDB01-70F4-4E06-B468-8F87850B22BE}
		{AA94D832-1CCC-4715-95A9-A483F23A1A5D} = {CA9AC87F-097E-4F15-8393-4BC07735A5B0}
		{748584B1-BA69-4F6A-81AA-F4BDE6BCE29D} = {CA9AC87F-097E-4F15-8393-4BC07735A5B0}
		{2480822D-F2C3-4872-9263-39ABDEB53535} = {035E6CDC-04C8-4697-BA93-6B0868495341}
		{A6B0985E-A308-4226-B3CA-EB70AD2CA5E5} = {2480822D-F2C3-4872-9263-39ABDEB53535}
		{29F27845-8D21-4E03-A7DC-21376F3B4C51} = {2480822D-F2C3-4872-9263-39ABDEB53535}
	EndGlobalSection
	GlobalSection(ExtensibilityGlobals) = postSolution
		SolutionGuid = {28315BFD-90E7-4E14-A2EA-F3D23AF4126F}
	EndGlobalSection
EndGlobal
